
Microsoft Visual Studio Solution File, Format Version 12.00
# Visual Studio 2012
Project("{6989167D-11E4-40FE-8C1A-2192A86A7E90}") = "sph", "sph\sph.vfproj", "{0DB6DB1C-BADB-4F87-BD33-628CE908671A}"
EndProject
Global
	GlobalSection(SolutionConfigurationPlatforms) = preSolution
		Debug|Win32 = Debug|Win32
		Release|Win32 = Release|Win32
	EndGlobalSection
	GlobalSection(ProjectConfigurationPlatforms) = postSolution
		{0DB6DB1C-BADB-4F87-BD33-628CE908671A}.Debug|Win32.ActiveCfg = Debug|Win32
		{0DB6DB1C-BADB-4F87-BD33-628CE908671A}.Debug|Win32.Build.0 = Debug|Win32
		{0DB6DB1C-BADB-4F87-BD33-628CE908671A}.Release|Win32.ActiveCfg = Release|Win32
		{0DB6DB1C-BADB-4F87-BD33-628CE908671A}.Release|Win32.Build.0 = Release|Win32
	EndGlobalSection
	GlobalSection(SolutionProperties) = preSolution
		HideSolutionNode = FALSE
	EndGlobalSection
EndGlobal
